
Microsoft Visual Studio Solution File, Format Version 12.00
# Visual Studio Version 17
VisualStudioVersion = 17.0.31903.59
MinimumVisualStudioVersion = 10.0.40219.1
Project("{FAE04EC0-301F-11D3-BF4B-00C04F79EFBC}") = "Pos.SharedKernel", "src\Shared\Pos.SharedKernel\Pos.SharedKernel.csproj", "{A1000001-0000-0000-0000-000000000001}"
EndProject
Project("{FAE04EC0-301F-11D3-BF4B-00C04F79EFBC}") = "Pos.Orders.Contracts", "src\Modules\Pos.Orders.Contracts\Pos.Orders.Contracts.csproj", "{B1000001-0000-0000-0000-000000000001}"
EndProject
Project("{FAE04EC0-301F-11D3-BF4B-00C04F79EFBC}") = "Pos.Orders.Core", "src\Modules\Pos.Orders.Core\Pos.Orders.Core.csproj", "{B1000002-0000-0000-0000-000000000001}"
EndProject
Project("{FAE04EC0-301F-11D3-BF4B-00C04F79EFBC}") = "Pos.Products.Contracts", "src\Modules\Pos.Products.Contracts\Pos.Products.Contracts.csproj", "{C1000001-0000-0000-0000-000000000001}"
EndProject
Project("{FAE04EC0-301F-11D3-BF4B-00C04F79EFBC}") = "Pos.Products.Core", "src\Modules\Pos.Products.Core\Pos.Products.Core.csproj", "{C1000002-0000-0000-0000-000000000001}"
EndProject
Project("{FAE04EC0-301F-11D3-BF4B-00C04F79EFBC}") = "Pos.Payments.Contracts", "src\Modules\Pos.Payments.Contracts\Pos.Payments.Contracts.csproj", "{D1000001-0000-0000-0000-000000000001}"
EndProject
Project("{FAE04EC0-301F-11D3-BF4B-00C04F79EFBC}") = "Pos.Payments.Core", "src\Modules\Pos.Payments.Core\Pos.Payments.Core.csproj", "{D1000002-0000-0000-0000-000000000001}"
EndProject
Project("{FAE04EC0-301F-11D3-BF4B-00C04F79EFBC}") = "Pos.Infrastructure.Postgres", "src\Infrastructure\Pos.Infrastructure.Postgres\Pos.Infrastructure.Postgres.csproj", "{E1000001-0000-0000-0000-000000000001}"
EndProject
Project("{FAE04EC0-301F-11D3-BF4B-00C04F79EFBC}") = "Pos.Host.LocalPOS", "src\Hosts\Pos.Host.LocalPOS\Pos.Host.LocalPOS.csproj", "{F1000001-0000-0000-0000-000000000001}"
EndProject
Project("{FAE04EC0-301F-11D3-BF4B-00C04F79EFBC}") = "Pos.Host.CloudHub", "src\Hosts\Pos.Host.CloudHub\Pos.Host.CloudHub.csproj", "{F1000002-0000-0000-0000-000000000001}"
EndProject
Project("{2150E333-8FDC-42A3-9474-1A3956D46DE8}") = "tests", "tests", "{0AB3BF05-4346-4AA6-1389-037BE0695223}"
EndProject
Project("{FAE04EC0-301F-11D3-BF4B-00C04F79EFBC}") = "Pos.Tests", "tests\Pos.Tests\Pos.Tests.csproj", "{EC400D7B-6594-4B2A-8629-60E43222902A}"
EndProject
Project("{2150E333-8FDC-42A3-9474-1A3956D46DE8}") = "src", "src", "{827E0CD3-B72D-47B6-A68D-7590B98EB39B}"
EndProject
Project("{2150E333-8FDC-42A3-9474-1A3956D46DE8}") = "Shared", "Shared", "{C8E42992-5E42-0C2B-DBFE-AA848D06431C}"
EndProject
Project("{2150E333-8FDC-42A3-9474-1A3956D46DE8}") = "Modules", "Modules", "{EC447DCF-ABFA-6E24-52A5-D7FD48A5C558}"
EndProject
Project("{2150E333-8FDC-42A3-9474-1A3956D46DE8}") = "Infrastructure", "Infrastructure", "{9048EB7F-3875-A59E-E36B-5BD4C6F2A282}"
EndProject
Global
	GlobalSection(SolutionConfigurationPlatforms) = preSolution
		Debug|Any CPU = Debug|Any CPU
		Debug|x64 = Debug|x64
		Debug|x86 = Debug|x86
		Release|Any CPU = Release|Any CPU
		Release|x64 = Release|x64
		Release|x86 = Release|x86
	EndGlobalSection
	GlobalSection(ProjectConfigurationPlatforms) = postSolution
		{A1000001-0000-0000-0000-000000000001}.Debug|Any CPU.ActiveCfg = Debug|Any CPU
		{A1000001-0000-0000-0000-000000000001}.Debug|Any CPU.Build.0 = Debug|Any CPU
		{A1000001-0000-0000-0000-000000000001}.Debug|x64.ActiveCfg = Debug|Any CPU
		{A1000001-0000-0000-0000-000000000001}.Debug|x64.Build.0 = Debug|Any CPU
		{A1000001-0000-0000-0000-000000000001}.Debug|x86.ActiveCfg = Debug|Any CPU
		{A1000001-0000-0000-0000-000000000001}.Debug|x86.Build.0 = Debug|Any CPU
		{A1000001-0000-0000-0000-000000000001}.Release|Any CPU.ActiveCfg = Release|Any CPU
		{A1000001-0000-0000-0000-000000000001}.Release|Any CPU.Build.0 = Release|Any CPU
		{A1000001-0000-0000-0000-000000000001}.Release|x64.ActiveCfg = Release|Any CPU
		{A1000001-0000-0000-0000-000000000001}.Release|x64.Build.0 = Release|Any CPU
		{A1000001-0000-0000-0000-000000000001}.Release|x86.ActiveCfg = Release|Any CPU
		{A1000001-0000-0000-0000-000000000001}.Release|x86.Build.0 = Release|Any CPU
		{B1000001-0000-0000-0000-000000000001}.Debug|Any CPU.ActiveCfg = Debug|Any CPU
		{B1000001-0000-0000-0000-000000000001}.Debug|Any CPU.Build.0 = Debug|Any CPU
		{B1000001-0000-0000-0000-000000000001}.Debug|x64.ActiveCfg = Debug|Any CPU
		{B1000001-0000-0000-0000-000000000001}.Debug|x64.Build.0 = Debug|Any CPU
		{B1000001-0000-0000-0000-000000000001}.Debug|x86.ActiveCfg = Debug|Any CPU
		{B1000001-0000-0000-0000-000000000001}.Debug|x86.Build.0 = Debug|Any CPU
		{B1000001-0000-0000-0000-000000000001}.Release|Any CPU.ActiveCfg = Release|Any CPU
		{B1000001-0000-0000-0000-000000000001}.Release|Any CPU.Build.0 = Release|Any CPU
		{B1000001-0000-0000-0000-000000000001}.Release|x64.ActiveCfg = Release|Any CPU
		{B1000001-0000-0000-0000-000000000001}.Release|x64.Build.0 = Release|Any CPU
		{B1000001-0000-0000-0000-000000000001}.Release|x86.ActiveCfg = Release|Any CPU
		{B1000001-0000-0000-0000-000000000001}.Release|x86.Build.0 = Release|Any CPU
		{B1000002-0000-0000-0000-000000000001}.Debug|Any CPU.ActiveCfg = Debug|Any CPU
		{B1000002-0000-0000-0000-000000000001}.Debug|Any CPU.Build.0 = Debug|Any CPU
		{B1000002-0000-0000-0000-000000000001}.Debug|x64.ActiveCfg = Debug|Any CPU
		{B1000002-0000-0000-0000-000000000001}.Debug|x64.Build.0 = Debug|Any CPU
		{B1000002-0000-0000-0000-000000000001}.Debug|x86.ActiveCfg = Debug|Any CPU
		{B1000002-0000-0000-0000-000000000001}.Debug|x86.Build.0 = Debug|Any CPU
		{B1000002-0000-0000-0000-000000000001}.Release|Any CPU.ActiveCfg = Release|Any CPU
		{B1000002-0000-0000-0000-000000000001}.Release|Any CPU.Build.0 = Release|Any CPU
		{B1000002-0000-0000-0000-000000000001}.Release|x64.ActiveCfg = Release|Any CPU
		{B1000002-0000-0000-0000-000000000001}.Release|x64.Build.0 = Release|Any CPU
		{B1000002-0000-0000-0000-000000000001}.Release|x86.ActiveCfg = Release|Any CPU
		{B1000002-0000-0000-0000-000000000001}.Release|x86.Build.0 = Release|Any CPU
		{C1000001-0000-0000-0000-000000000001}.Debug|Any CPU.ActiveCfg = Debug|Any CPU
		{C1000001-0000-0000-0000-000000000001}.Debug|Any CPU.Build.0 = Debug|Any CPU
		{C1000001-0000-0000-0000-000000000001}.Debug|x64.ActiveCfg = Debug|Any CPU
		{C1000001-0000-0000-0000-000000000001}.Debug|x64.Build.0 = Debug|Any CPU
		{C1000001-0000-0000-0000-000000000001}.Debug|x86.ActiveCfg = Debug|Any CPU
		{C1000001-0000-0000-0000-000000000001}.Debug|x86.Build.0 = Debug|Any CPU
		{C1000001-0000-0000-0000-000000000001}.Release|Any CPU.ActiveCfg = Release|Any CPU
		{C1000001-0000-0000-0000-000000000001}.Release|Any CPU.Build.0 = Release|Any CPU
		{C1000001-0000-0000-0000-000000000001}.Release|x64.ActiveCfg = Release|Any CPU
		{C1000001-0000-0000-0000-000000000001}.Release|x64.Build.0 = Release|Any CPU
		{C1000001-0000-0000-0000-000000000001}.Release|x86.ActiveCfg = Release|Any CPU
		{C1000001-0000-0000-0000-000000000001}.Release|x86.Build.0 = Release|Any CPU
		{C1000002-0000-0000-0000-000000000001}.Debug|Any CPU.ActiveCfg = Debug|Any CPU
		{C1000002-0000-0000-0000-000000000001}.Debug|Any CPU.Build.0 = Debug|Any CPU
		{C1000002-0000-0000-0000-000000000001}.Debug|x64.ActiveCfg = Debug|Any CPU
		{C1000002-0000-0000-0000-000000000001}.Debug|x64.Build.0 = Debug|Any CPU
		{C1000002-0000-0000-0000-000000000001}.Debug|x86.ActiveCfg = Debug|Any CPU
		{C1000002-0000-0000-0000-000000000001}.Debug|x86.Build.0 = Debug|Any CPU
		{C1000002-0000-0000-0000-000000000001}.Release|Any CPU.ActiveCfg = Release|Any CPU
		{C1000002-0000-0000-0000-000000000001}.Release|Any CPU.Build.0 = Release|Any CPU
		{C1000002-0000-0000-0000-000000000001}.Release|x64.ActiveCfg = Release|Any CPU
		{C1000002-0000-0000-0000-000000000001}.Release|x64.Build.0 = Release|Any CPU
		{C1000002-0000-0000-0000-000000000001}.Release|x86.ActiveCfg = Release|Any CPU
		{C1000002-0000-0000-0000-000000000001}.Release|x86.Build.0 = Release|Any CPU
		{D1000001-0000-0000-0000-000000000001}.Debug|Any CPU.ActiveCfg = Debug|Any CPU
		{D1000001-0000-0000-0000-000000000001}.Debug|Any CPU.Build.0 = Debug|Any CPU
		{D1000001-0000-0000-0000-000000000001}.Debug|x64.ActiveCfg = Debug|Any CPU
		{D1000001-0000-0000-0000-000000000001}.Debug|x64.Build.0 = Debug|Any CPU
		{D1000001-0000-0000-0000-000000000001}.Debug|x86.ActiveCfg = Debug|Any CPU
		{D1000001-0000-0000-0000-000000000001}.Debug|x86.Build.0 = Debug|Any CPU
		{D1000001-0000-0000-0000-000000000001}.Release|Any CPU.ActiveCfg = Release|Any CPU
		{D1000001-0000-0000-0000-000000000001}.Release|Any CPU.Build.0 = Release|Any CPU
		{D1000001-0000-0000-0000-000000000001}.Release|x64.ActiveCfg = Release|Any CPU
		{D1000001-0000-0000-0000-000000000001}.Release|x64.Build.0 = Release|Any CPU
		{D1000001-0000-0000-0000-000000000001}.Release|x86.ActiveCfg = Release|Any CPU
		{D1000001-0000-0000-0000-000000000001}.Release|x86.Build.0 = Release|Any CPU
		{D1000002-0000-0000-0000-000000000001}.Debug|Any CPU.ActiveCfg = Debug|Any CPU
		{D1000002-0000-0000-0000-000000000001}.Debug|Any CPU.Build.0 = Debug|Any CPU
		{D1000002-0000-0000-0000-000000000001}.Debug|x64.ActiveCfg = Debug|Any CPU
		{D1000002-0000-0000-0000-000000000001}.Debug|x64.Build.0 = Debug|Any CPU
		{D1000002-0000-0000-0000-000000000001}.Debug|x86.ActiveCfg = Debug|Any CPU
		{D1000002-0000-0000-0000-000000000001}.Debug|x86.Build.0 = Debug|Any CPU
		{D1000002-0000-0000-0000-000000000001}.Release|Any CPU.ActiveCfg = Release|Any CPU
		{D1000002-0000-0000-0000-000000000001}.Release|Any CPU.Build.0 = Release|Any CPU
		{D1000002-0000-0000-0000-000000000001}.Release|x64.ActiveCfg = Release|Any CPU
		{D1000002-0000-0000-0000-000000000001}.Release|x64.Build.0 = Release|Any CPU
		{D1000002-0000-0000-0000-000000000001}.Release|x86.ActiveCfg = Release|Any CPU
		{D1000002-0000-0000-0000-000000000001}.Release|x86.Build.0 = Release|Any CPU
		{E1000001-0000-0000-0000-000000000001}.Debug|Any CPU.ActiveCfg = Debug|Any CPU
		{E1000001-0000-0000-0000-000000000001}.Debug|Any CPU.Build.0 = Debug|Any CPU
		{E1000001-0000-0000-0000-000000000001}.Debug|x64.ActiveCfg = Debug|Any CPU
		{E1000001-0000-0000-0000-000000000001}.Debug|x64.Build.0 = Debug|Any CPU
		{E1000001-0000-0000-0000-000000000001}.Debug|x86.ActiveCfg = Debug|Any CPU
		{E1000001-0000-0000-0000-000000000001}.Debug|x86.Build.0 = Debug|Any CPU
		{E1000001-0000-0000-0000-000000000001}.Release|Any CPU.ActiveCfg = Release|Any CPU
		{E1000001-0000-0000-0000-000000000001}.Release|Any CPU.Build.0 = Release|Any CPU
		{E1000001-0000-0000-0000-000000000001}.Release|x64.ActiveCfg = Release|Any CPU
		{E1000001-0000-0000-0000-000000000001}.Release|x64.Build.0 = Release|Any CPU
		{E1000001-0000-0000-0000-000000000001}.Release|x86.ActiveCfg = Release|Any CPU
		{E1000001-0000-0000-0000-000000000001}.Release|x86.Build.0 = Release|Any CPU
		{F1000001-0000-0000-0000-000000000001}.Debug|Any CPU.ActiveCfg = Debug|Any CPU
		{F1000001-0000-0000-0000-000000000001}.Debug|Any CPU.Build.0 = Debug|Any CPU
		{F1000001-0000-0000-0000-000000000001}.Debug|x64.ActiveCfg = Debug|Any CPU
		{F1000001-0000-0000-0000-000000000001}.Debug|x64.Build.0 = Debug|Any CPU
		{F1000001-0000-0000-0000-000000000001}.Debug|x86.ActiveCfg = Debug|Any CPU
		{F1000001-0000-0000-0000-000000000001}.Debug|x86.Build.0 = Debug|Any CPU
		{F1000001-0000-0000-0000-000000000001}.Release|Any CPU.ActiveCfg = Release|Any CPU
		{F1000001-0000-0000-0000-000000000001}.Release|Any CPU.Build.0 = Release|Any CPU
		{F1000001-0000-0000-0000-000000000001}.Release|x64.ActiveCfg = Release|Any CPU
		{F1000001-0000-0000-0000-000000000001}.Release|x64.Build.0 = Release|Any CPU
		{F1000001-0000-0000-0000-000000000001}.Release|x86.ActiveCfg = Release|Any CPU
		{F1000001-0000-0000-0000-000000000001}.Release|x86.Build.0 = Release|Any CPU
		{F1000002-0000-0000-0000-000000000001}.Debug|Any CPU.ActiveCfg = Debug|Any CPU
		{F1000002-0000-0000-0000-000000000001}.Debug|Any CPU.Build.0 = Debug|Any CPU
		{F1000002-0000-0000-0000-000000000001}.Debug|x64.ActiveCfg = Debug|Any CPU
		{F1000002-0000-0000-0000-000000000001}.Debug|x64.Build.0 = Debug|Any CPU
		{F1000002-0000-0000-0000-000000000001}.Debug|x86.ActiveCfg = Debug|Any CPU
		{F1000002-0000-0000-0000-000000000001}.Debug|x86.Build.0 = Debug|Any CPU
		{F1000002-0000-0000-0000-000000000001}.Release|Any CPU.ActiveCfg = Release|Any CPU
		{F1000002-0000-0000-0000-000000000001}.Release|Any CPU.Build.0 = Release|Any CPU
		{F1000002-0000-0000-0000-000000000001}.Release|x64.ActiveCfg = Release|Any CPU
		{F1000002-0000-0000-0000-000000000001}.Release|x64.Build.0 = Release|Any CPU
		{F1000002-0000-0000-0000-000000000001}.Release|x86.ActiveCfg = Release|Any CPU
		{F1000002-0000-0000-0000-000000000001}.Release|x86.Build.0 = Release|Any CPU
		{EC400D7B-6594-4B2A-8629-60E43222902A}.Debug|Any CPU.ActiveCfg = Debug|Any CPU
		{EC400D7B-6594-4B2A-8629-60E43222902A}.Debug|Any CPU.Build.0 = Debug|Any CPU
		{EC400D7B-6594-4B2A-8629-60E43222902A}.Debug|x64.ActiveCfg = Debug|Any CPU
		{EC400D7B-6594-4B2A-8629-60E43222902A}.Debug|x64.Build.0 = Debug|Any CPU
		{EC400D7B-6594-4B2A-8629-60E43222902A}.Debug|x86.ActiveCfg = Debug|Any CPU
		{EC400D7B-6594-4B2A-8629-60E43222902A}.Debug|x86.Build.0 = Debug|Any CPU
		{EC400D7B-6594-4B2A-8629-60E43222902A}.Release|Any CPU.ActiveCfg = Release|Any CPU
		{EC400D7B-6594-4B2A-8629-60E43222902A}.Release|Any CPU.Build.0 = Release|Any CPU
		{EC400D7B-6594-4B2A-8629-60E43222902A}.Release|x64.ActiveCfg = Release|Any CPU
		{EC400D7B-6594-4B2A-8629-60E43222902A}.Release|x64.Build.0 = Release|Any CPU
		{EC400D7B-6594-4B2A-8629-60E43222902A}.Release|x86.ActiveCfg = Release|Any CPU
		{EC400D7B-6594-4B2A-8629-60E43222902A}.Release|x86.Build.0 = Release|Any CPU
	EndGlobalSection
	GlobalSection(SolutionProperties) = preSolution
		HideSolutionNode = FALSE
	EndGlobalSection
	GlobalSection(NestedProjects) = preSolution
		{EC400D7B-6594-4B2A-8629-60E43222902A} = {0AB3BF05-4346-4AA6-1389-037BE0695223}
		{C8E42992-5E42-0C2B-DBFE-AA848D06431C} = {827E0CD3-B72D-47B6-A68D-7590B98EB39B}
		{EC447DCF-ABFA-6E24-52A5-D7FD48A5C558} = {827E0CD3-B72D-47B6-A68D-7590B98EB39B}
		{9048EB7F-3875-A59E-E36B-5BD4C6F2A282} = {827E0CD3-B72D-47B6-A68D-7590B98EB39B}
	EndGlobalSection
EndGlobal
